// !$*UTF8*$!
{
	archiveVersion = 1;
	classes = {
	};
	objectVersion = 46;
	objects = {

/* Begin PBXBuildFile section */
		5D1E458F17AB6EC700CF94F7 /* Foundation.framework in Frameworks */ = {isa = PBXBuildFile; fileRef = 5D1E458E17AB6EC700CF94F7 /* Foundation.framework */; };
		5D1E459217AB6EC700CF94F7 /* main.m in Sources */ = {isa = PBXBuildFile; fileRef = 5D1E459117AB6EC700CF94F7 /* main.m */; };
		5D1E459617AB6EC700CF94F7 /* Protocol.1 in CopyFiles */ = {isa = PBXBuildFile; fileRef = 5D1E459517AB6EC700CF94F7 /* Protocol.1 */; };
		5D1E459E17AB6EDE00CF94F7 /* Button.m in Sources */ = {isa = PBXBuildFile; fileRef = 5D1E459D17AB6EDE00CF94F7 /* Button.m */; };
		5D1E45A117AB702300CF94F7 /* Listener.m in Sources */ = {isa = PBXBuildFile; fileRef = 5D1E45A017AB702300CF94F7 /* Listener.m */; };
/* End PBXBuildFile section */

/* Begin PBXCopyFilesBuildPhase section */
		5D1E458917AB6EC700CF94F7 /* CopyFiles */ = {
			isa = PBXCopyFilesBuildPhase;
			buildActionMask = 2147483647;
			dstPath = /usr/share/man/man1/;
			dstSubfolderSpec = 0;
			files = (
				5D1E459617AB6EC700CF94F7 /* Protocol.1 in CopyFiles */,
			);
			runOnlyForDeploymentPostprocessing = 1;
		};
/* End PBXCopyFilesBuildPhase section */

/* Begin PBXFileReference section */
		5D1E458B17AB6EC700CF94F7 /* Protocol */ = {isa = PBXFileReference; explicitFileType = "compiled.mach-o.executable"; includeInIndex = 0; path = Protocol; sourceTree = BUILT_PRODUCTS_DIR; };
		5D1E458E17AB6EC700CF94F7 /* Foundation.framework */ = {isa = PBXFileReference; lastKnownFileType = wrapper.framework; name = Foundation.framework; path = System/Library/Frameworks/Foundation.framework; sourceTree = SDKROOT; };
		5D1E459117AB6EC700CF94F7 /* main.m */ = {isa = PBXFileReference; lastKnownFileType = sourcecode.c.objc; path = main.m; sourceTree = "<group>"; };
		5D1E459417AB6EC700CF94F7 /* Protocol-Prefix.pch */ = {isa = PBXFileReference; lastKnownFileType = sourcecode.c.h; path = "Protocol-Prefix.pch"; sourceTree = "<group>"; };
		5D1E459517AB6EC700CF94F7 /* Protocol.1 */ = {isa = PBXFileReference; lastKnownFileType = text.man; path = Protocol.1; sourceTree = "<group>"; };
		5D1E459C17AB6EDE00CF94F7 /* Button.h */ = {isa = PBXFileReference; fileEncoding = 4; lastKnownFileType = sourcecode.c.h; path = Button.h; sourceTree = "<group>"; };
		5D1E459D17AB6EDE00CF94F7 /* Button.m */ = {isa = PBXFileReference; fileEncoding = 4; lastKnownFileType = sourcecode.c.objc; path = Button.m; sourceTree = "<group>"; };
		5D1E459F17AB702300CF94F7 /* Listener.h */ = {isa = PBXFileReference; fileEncoding = 4; lastKnownFileType = sourcecode.c.h; path = Listener.h; sourceTree = "<group>"; };
		5D1E45A017AB702300CF94F7 /* Listener.m */ = {isa = PBXFileReference; fileEncoding = 4; lastKnownFileType = sourcecode.c.objc; path = Listener.m; sourceTree = "<group>"; };
/* End PBXFileReference section */

/* Begin PBXFrameworksBuildPhase section */
		5D1E458817AB6EC700CF94F7 /* Frameworks */ = {
			isa = PBXFrameworksBuildPhase;
			buildActionMask = 2147483647;
			files = (
				5D1E458F17AB6EC700CF94F7 /* Foundation.framework in Frameworks */,
			);
			runOnlyForDeploymentPostprocessing = 0;
		};
/* End PBXFrameworksBuildPhase section */

/* Begin PBXGroup section */
		5D1E458217AB6EC700CF94F7 = {
			isa = PBXGroup;
			children = (
				5D1E459017AB6EC700CF94F7 /* Protocol */,
				5D1E458D17AB6EC700CF94F7 /* Frameworks */,
				5D1E458C17AB6EC700CF94F7 /* Products */,
			);
			sourceTree = "<group>";
		};
		5D1E458C17AB6EC700CF94F7 /* Products */ = {
			isa = PBXGroup;
			children = (
				5D1E458B17AB6EC700CF94F7 /* Protocol */,
			);
			name = Products;
			sourceTree = "<group>";
		};
		5D1E458D17AB6EC700CF94F7 /* Frameworks */ = {
			isa = PBXGroup;
			children = (
				5D1E458E17AB6EC700CF94F7 /* Foundation.framework */,
			);
			name = Frameworks;
			sourceTree = "<group>";
		};
		5D1E459017AB6EC700CF94F7 /* Protocol */ = {
			isa = PBXGroup;
			children = (
				5D1E459117AB6EC700CF94F7 /* main.m */,
				5D1E459517AB6EC700CF94F7 /* Protocol.1 */,
				5D1E459317AB6EC700CF94F7 /* Supporting Files */,
				5D1E459C17AB6EDE00CF94F7 /* Button.h */,
				5D1E459D17AB6EDE00CF94F7 /* Button.m */,
				5D1E459F17AB702300CF94F7 /* Listener.h */,
				5D1E45A017AB702300CF94F7 /* Listener.m */,
			);
			path = Protocol;
			sourceTree = "<group>";
		};
		5D1E459317AB6EC700CF94F7 /* Supporting Files */ = {
			isa = PBXGroup;
			children = (
				5D1E459417AB6EC700CF94F7 /* Protocol-Prefix.pch */,
			);
			name = "Supporting Files";
			sourceTree = "<group>";
		};
/* End PBXGroup section */

/* Begin PBXNativeTarget section */
		5D1E458A17AB6EC700CF94F7 /* Protocol */ = {
			isa = PBXNativeTarget;
			buildConfigurationList = 5D1E459917AB6EC700CF94F7 /* Build configuration list for PBXNativeTarget "Protocol" */;
			buildPhases = (
				5D1E458717AB6EC700CF94F7 /* Sources */,
				5D1E458817AB6EC700CF94F7 /* Frameworks */,
				5D1E458917AB6EC700CF94F7 /* CopyFiles */,
			);
			buildRules = (
			);
			dependencies = (
			);
			name = Protocol;
			productName = Protocol;
			productReference = 5D1E458B17AB6EC700CF94F7 /* Protocol */;
			productType = "com.apple.product-type.tool";
		};
/* End PBXNativeTarget section */

/* Begin PBXProject section */
		5D1E458317AB6EC700CF94F7 /* Project object */ = {
			isa = PBXProject;
			attributes = {
				LastUpgradeCheck = 0460;
				ORGANIZATIONNAME = "Rydge Lee";
			};
			buildConfigurationList = 5D1E458617AB6EC700CF94F7 /* Build configuration list for PBXProject "Protocol" */;
			compatibilityVersion = "Xcode 3.2";
			developmentRegion = English;
			hasScannedForEncodings = 0;
			knownRegions = (
				en,
			);
			mainGroup = 5D1E458217AB6EC700CF94F7;
			productRefGroup = 5D1E458C17AB6EC700CF94F7 /* Products */;
			projectDirPath = "";
			projectRoot = "";
			targets = (
				5D1E458A17AB6EC700CF94F7 /* Protocol */,
			);
		};
/* End PBXProject section */

/* Begin PBXSourcesBuildPhase section */
		5D1E458717AB6EC700CF94F7 /* Sources */ = {
			isa = PBXSourcesBuildPhase;
			buildActionMask = 2147483647;
			files = (
				5D1E459217AB6EC700CF94F7 /* main.m in Sources */,
				5D1E459E17AB6EDE00CF94F7 /* Button.m in Sources */,
				5D1E45A117AB702300CF94F7 /* Listener.m in Sources */,
			);
			runOnlyForDeploymentPostprocessing = 0;
		};
/* End PBXSourcesBuildPhase section */

/* Begin XCBuildConfiguration section */
		5D1E459717AB6EC700CF94F7 /* Debug */ = {
			isa = XCBuildConfiguration;
			buildSettings = {
				ALWAYS_SEARCH_USER_PATHS = NO;
				ARCHS = "$(ARCHS_STANDARD_64_BIT)";
				CLANG_CXX_LANGUAGE_STANDARD = "gnu++0x";
				CLANG_CXX_LIBRARY = "libc++";
				CLANG_WARN_CONSTANT_CONVERSION = YES;
				CLANG_WARN_EMPTY_BODY = YES;
				CLANG_WARN_ENUM_CONVERSION = YES;
				CLANG_WARN_INT_CONVERSION = YES;
				CLANG_WARN__DUPLICATE_METHOD_MATCH = YES;
				COPY_PHASE_STRIP = NO;
				GCC_C_LANGUAGE_STANDARD = gnu99;
				GCC_DYNAMIC_NO_PIC = NO;
				GCC_ENABLE_OBJC_EXCEPTIONS = YES;
				GCC_OPTIMIZATION_LEVEL = 0;
				GCC_PREPROCESSOR_DEFINITIONS = (
					"DEBUG=1",
					"$(inherited)",
				);
				GCC_SYMBOLS_PRIVATE_EXTERN = NO;
				GCC_WARN_64_TO_32_BIT_CONVERSION = YES;
				GCC_WARN_ABOUT_RETURN_TYPE = YES;
				GCC_WARN_UNINITIALIZED_AUTOS = YES;
				GCC_WARN_UNUSED_VARIABLE = YES;
				MACOSX_DEPLOYMENT_TARGET = 10.8;
				ONLY_ACTIVE_ARCH = YES;
				SDKROOT = macosx;
			};
			name = Debug;
		};
		5D1E459817AB6EC700CF94F7 /* Release */ = {
			isa = XCBuildConfiguration;
			buildSettings = {
				ALWAYS_SEARCH_USER_PATHS = NO;
				ARCHS = "$(ARCHS_STANDARD_64_BIT)";
				CLANG_CXX_LANGUAGE_STANDARD = "gnu++0x";
				CLANG_CXX_LIBRARY = "libc++";
				CLANG_WARN_CONSTANT_CONVERSION = YES;
				CLANG_WARN_EMPTY_BODY = YES;
				CLANG_WARN_ENUM_CONVERSION = YES;
				CLANG_WARN_INT_CONVERSION = YES;
				CLANG_WARN__DUPLICATE_METHOD_MATCH = YES;
				COPY_PHASE_STRIP = YES;
				DEBUG_INFORMATION_FORMAT = "dwarf-with-dsym";
				GCC_C_LANGUAGE_STANDARD = gnu99;
				GCC_ENABLE_OBJC_EXCEPTIONS = YES;
				GCC_WARN_64_TO_32_BIT_CONVERSION = YES;
				GCC_WARN_ABOUT_RETURN_TYPE = YES;
				GCC_WARN_UNINITIALIZED_AUTOS = YES;
				GCC_WARN_UNUSED_VARIABLE = YES;
				MACOSX_DEPLOYMENT_TARGET = 10.8;
				SDKROOT = macosx;
			};
			name = Release;
		};
		5D1E459A17AB6EC700CF94F7 /* Debug */ = {
			isa = XCBuildConfiguration;
			buildSettings = {
				GCC_PRECOMPILE_PREFIX_HEADER = YES;
				GCC_PREFIX_HEADER = "Protocol/Protocol-Prefix.pch";
				PRODUCT_NAME = "$(TARGET_NAME)";
			};
			name = Debug;
		};
		5D1E459B17AB6EC700CF94F7 /* Release */ = {
			isa = XCBuildConfiguration;
			buildSettings = {
				GCC_PRECOMPILE_PREFIX_HEADER = YES;
				GCC_PREFIX_HEADER = "Protocol/Protocol-Prefix.pch";
				PRODUCT_NAME = "$(TARGET_NAME)";
			};
			name = Release;
		};
/* End XCBuildConfiguration section */

/* Begin XCConfigurationList section */
		5D1E458617AB6EC700CF94F7 /* Build configuration list for PBXProject "Protocol" */ = {
			isa = XCConfigurationList;
			buildConfigurations = (
				5D1E459717AB6EC700CF94F7 /* Debug */,
				5D1E459817AB6EC700CF94F7 /* Release */,
			);
			defaultConfigurationIsVisible = 0;
			defaultConfigurationName = Release;
		};
		5D1E459917AB6EC700CF94F7 /* Build configuration list for PBXNativeTarget "Protocol" */ = {
			isa = XCConfigurationList;
			buildConfigurations = (
				5D1E459A17AB6EC700CF94F7 /* Debug */,
				5D1E459B17AB6EC700CF94F7 /* Release */,
			);
			defaultConfigurationIsVisible = 0;
		};
/* End XCConfigurationList section */
	};
	rootObject = 5D1E458317AB6EC700CF94F7 /* Project object */;
}
